# THIS IS AN AUTOGENERATED FILE. DO NOT EDIT THIS FILE DIRECTLY.
# yarn lockfile v1


"@nielse63/webgl-utils@1.0.4":
  version "1.0.4"
  resolved "https://registry.yarnpkg.com/@nielse63/webgl-utils/-/webgl-utils-1.0.4.tgz#f000245d16d265c4ce84620cb3ecac1011f5d960"

gsap@^2.0.1:
  version "2.0.1"
  resolved "https://registry.yarnpkg.com/gsap/-/gsap-2.0.1.tgz#c784500e80dc7591131478f0787b67bacc9a8c52"

three@^0.93.0:
  version "0.93.0"
  resolved "https://registry.yarnpkg.com/three/-/three-0.93.0.tgz#3fd6c367ef4554abbb6e16ad69936283e895c123"
