# THIS IS AN AUTOGENERATED FILE. DO NOT EDIT THIS FILE DIRECTLY.
# yarn lockfile v1


"@nielse63/noise@1.0.5":
  version "1.0.5"
  resolved "https://registry.yarnpkg.com/@nielse63/noise/-/noise-1.0.5.tgz#3896c88c7f3a289eeca5c1c24417189d6195567f"

"@nielse63/webgl-utils@1.0.5":
  version "1.0.5"
  resolved "https://registry.yarnpkg.com/@nielse63/webgl-utils/-/webgl-utils-1.0.5.tgz#48835c8529239939fd5fe68442b20cb7d6a4b90a"

three@^0.93.0:
  version "0.93.0"
  resolved "https://registry.yarnpkg.com/three/-/three-0.93.0.tgz#3fd6c367ef4554abbb6e16ad69936283e895c123"
